
Microsoft Visual Studio Solution File, Format Version 12.00
# Visual Studio 15
VisualStudioVersion = 15.0.27703.2026
MinimumVisualStudioVersion = 10.0.40219.1
Project("{FAE04EC0-301F-11D3-BF4B-00C04F79EFBC}") = "SoftRenderer", "SoftRenderer\SoftRenderer.csproj", "{665AFBFF-1ACE-46F2-ABF9-C99559FFEDEE}"
EndProject
Global
	GlobalSection(SolutionConfigurationPlatforms) = preSolution
		Debug|Any CPU = Debug|Any CPU
		Release|Any CPU = Release|Any CPU
	EndGlobalSection
	GlobalSection(ProjectConfigurationPlatforms) = postSolution
		{665AFBFF-1ACE-46F2-ABF9-C99559FFEDEE}.Debug|Any CPU.ActiveCfg = Debug|Any CPU
		{665AFBFF-1ACE-46F2-ABF9-C99559FFEDEE}.Debug|Any CPU.Build.0 = Debug|Any CPU
		{665AFBFF-1ACE-46F2-ABF9-C99559FFEDEE}.Release|Any CPU.ActiveCfg = Release|Any CPU
		{665AFBFF-1ACE-46F2-ABF9-C99559FFEDEE}.Release|Any CPU.Build.0 = Release|Any CPU
	EndGlobalSection
	GlobalSection(SolutionProperties) = preSolution
		HideSolutionNode = FALSE
	EndGlobalSection
	GlobalSection(ExtensibilityGlobals) = postSolution
		SolutionGuid = {2139C2BD-097E-4F39-B494-E7BB5C053E25}
	EndGlobalSection
EndGlobal
